// !$*UTF8*$!
{
	archiveVersion = 1;
	classes = {
	};
	objectVersion = 50;
	objects = {

/* Begin PBXBuildFile section */
		342043A0B6D920277F8C1300 /* Pods_Drives.framework in Frameworks */ = {isa = PBXBuildFile; fileRef = C7E924234837967801467283 /* Pods_Drives.framework */; };
		3AE83818212C0B1F008C6B08 /* AppDelegate.swift in Sources */ = {isa = PBXBuildFile; fileRef = 3AE83817212C0B1F008C6B08 /* AppDelegate.swift */; };
		3AE8381A212C0B1F008C6B08 /* LoginViewController.swift in Sources */ = {isa = PBXBuildFile; fileRef = 3AE83819212C0B1F008C6B08 /* LoginViewController.swift */; };
		3AE8381D212C0B1F008C6B08 /* Main.storyboard in Resources */ = {isa = PBXBuildFile; fileRef = 3AE8381B212C0B1F008C6B08 /* Main.storyboard */; };
		3AE8381F212C0B1F008C6B08 /* Assets.xcassets in Resources */ = {isa = PBXBuildFile; fileRef = 3AE8381E212C0B1F008C6B08 /* Assets.xcassets */; };
		3AE83822212C0B1F008C6B08 /* LaunchScreen.storyboard in Resources */ = {isa = PBXBuildFile; fileRef = 3AE83820212C0B1F008C6B08 /* LaunchScreen.storyboard */; };
		3AE8382D212C0B1F008C6B08 /* DrivesTests.swift in Sources */ = {isa = PBXBuildFile; fileRef = 3AE8382C212C0B1F008C6B08 /* DrivesTests.swift */; };
		3AE83838212C0B1F008C6B08 /* DrivesUITests.swift in Sources */ = {isa = PBXBuildFile; fileRef = 3AE83837212C0B1F008C6B08 /* DrivesUITests.swift */; };
		3AE83846212C0C78008C6B08 /* GoogleService-Info.plist in Resources */ = {isa = PBXBuildFile; fileRef = 3AE83845212C0C78008C6B08 /* GoogleService-Info.plist */; };
		3AE83848212C2117008C6B08 /* PassengerViewController.swift in Sources */ = {isa = PBXBuildFile; fileRef = 3AE83847212C2117008C6B08 /* PassengerViewController.swift */; };
		3AE8384A212C3219008C6B08 /* DriverViewController.swift in Sources */ = {isa = PBXBuildFile; fileRef = 3AE83849212C3219008C6B08 /* DriverViewController.swift */; };
		3AE8384C212C45BB008C6B08 /* AcceptRequestViewController.swift in Sources */ = {isa = PBXBuildFile; fileRef = 3AE8384B212C45BB008C6B08 /* AcceptRequestViewController.swift */; };
/* End PBXBuildFile section */

/* Begin PBXContainerItemProxy section */
		3AE83829212C0B1F008C6B08 /* PBXContainerItemProxy */ = {
			isa = PBXContainerItemProxy;
			containerPortal = 3AE8380C212C0B1F008C6B08 /* Project object */;
			proxyType = 1;
			remoteGlobalIDString = 3AE83813212C0B1F008C6B08;
			remoteInfo = Drives;
		};
		3AE83834212C0B1F008C6B08 /* PBXContainerItemProxy */ = {
			isa = PBXContainerItemProxy;
			containerPortal = 3AE8380C212C0B1F008C6B08 /* Project object */;
			proxyType = 1;
			remoteGlobalIDString = 3AE83813212C0B1F008C6B08;
			remoteInfo = Drives;
		};
/* End PBXContainerItemProxy section */

/* Begin PBXFileReference section */
		2E4F93256E19689ECDE7CF38 /* Pods-Drives.release.xcconfig */ = {isa = PBXFileReference; includeInIndex = 1; lastKnownFileType = text.xcconfig; name = "Pods-Drives.release.xcconfig"; path = "Pods/Target Support Files/Pods-Drives/Pods-Drives.release.xcconfig"; sourceTree = "<group>"; };
		3AE83814212C0B1F008C6B08 /* Drives.app */ = {isa = PBXFileReference; explicitFileType = wrapper.application; includeInIndex = 0; path = Drives.app; sourceTree = BUILT_PRODUCTS_DIR; };
		3AE83817212C0B1F008C6B08 /* AppDelegate.swift */ = {isa = PBXFileReference; lastKnownFileType = sourcecode.swift; path = AppDelegate.swift; sourceTree = "<group>"; };
		3AE83819212C0B1F008C6B08 /* LoginViewController.swift */ = {isa = PBXFileReference; lastKnownFileType = sourcecode.swift; path = LoginViewController.swift; sourceTree = "<group>"; };
		3AE8381C212C0B1F008C6B08 /* Base */ = {isa = PBXFileReference; lastKnownFileType = file.storyboard; name = Base; path = Base.lproj/Main.storyboard; sourceTree = "<group>"; };
		3AE8381E212C0B1F008C6B08 /* Assets.xcassets */ = {isa = PBXFileReference; lastKnownFileType = folder.assetcatalog; path = Assets.xcassets; sourceTree = "<group>"; };
		3AE83821212C0B1F008C6B08 /* Base */ = {isa = PBXFileReference; lastKnownFileType = file.storyboard; name = Base; path = Base.lproj/LaunchScreen.storyboard; sourceTree = "<group>"; };
		3AE83823212C0B1F008C6B08 /* Info.plist */ = {isa = PBXFileReference; lastKnownFileType = text.plist.xml; path = Info.plist; sourceTree = "<group>"; };
		3AE83828212C0B1F008C6B08 /* DrivesTests.xctest */ = {isa = PBXFileReference; explicitFileType = wrapper.cfbundle; includeInIndex = 0; path = DrivesTests.xctest; sourceTree = BUILT_PRODUCTS_DIR; };
		3AE8382C212C0B1F008C6B08 /* DrivesTests.swift */ = {isa = PBXFileReference; lastKnownFileType = sourcecode.swift; path = DrivesTests.swift; sourceTree = "<group>"; };
		3AE8382E212C0B1F008C6B08 /* Info.plist */ = {isa = PBXFileReference; lastKnownFileType = text.plist.xml; path = Info.plist; sourceTree = "<group>"; };
		3AE83833212C0B1F008C6B08 /* DrivesUITests.xctest */ = {isa = PBXFileReference; explicitFileType = wrapper.cfbundle; includeInIndex = 0; path = DrivesUITests.xctest; sourceTree = BUILT_PRODUCTS_DIR; };
		3AE83837212C0B1F008C6B08 /* DrivesUITests.swift */ = {isa = PBXFileReference; lastKnownFileType = sourcecode.swift; path = DrivesUITests.swift; sourceTree = "<group>"; };
		3AE83839212C0B1F008C6B08 /* Info.plist */ = {isa = PBXFileReference; lastKnownFileType = text.plist.xml; path = Info.plist; sourceTree = "<group>"; };
		3AE83845212C0C78008C6B08 /* GoogleService-Info.plist */ = {isa = PBXFileReference; fileEncoding = 4; lastKnownFileType = text.plist.xml; path = "GoogleService-Info.plist"; sourceTree = "<group>"; };
		3AE83847212C2117008C6B08 /* PassengerViewController.swift */ = {isa = PBXFileReference; lastKnownFileType = sourcecode.swift; path = PassengerViewController.swift; sourceTree = "<group>"; };
		3AE83849212C3219008C6B08 /* DriverViewController.swift */ = {isa = PBXFileReference; lastKnownFileType = sourcecode.swift; path = DriverViewController.swift; sourceTree = "<group>"; };
		3AE8384B212C45BB008C6B08 /* AcceptRequestViewController.swift */ = {isa = PBXFileReference; lastKnownFileType = sourcecode.swift; path = AcceptRequestViewController.swift; sourceTree = "<group>"; };
		A1C70E3117CA3F703F4A129E /* Pods-Drives.debug.xcconfig */ = {isa = PBXFileReference; includeInIndex = 1; lastKnownFileType = text.xcconfig; name = "Pods-Drives.debug.xcconfig"; path = "Pods/Target Support Files/Pods-Drives/Pods-Drives.debug.xcconfig"; sourceTree = "<group>"; };
		C7E924234837967801467283 /* Pods_Drives.framework */ = {isa = PBXFileReference; explicitFileType = wrapper.framework; includeInIndex = 0; path = Pods_Drives.framework; sourceTree = BUILT_PRODUCTS_DIR; };
/* End PBXFileReference section */

/* Begin PBXFrameworksBuildPhase section */
		3AE83811212C0B1F008C6B08 /* Frameworks */ = {
			isa = PBXFrameworksBuildPhase;
			buildActionMask = 2147483647;
			files = (
				342043A0B6D920277F8C1300 /* Pods_Drives.framework in Frameworks */,
			);
			runOnlyForDeploymentPostprocessing = 0;
		};
		3AE83825212C0B1F008C6B08 /* Frameworks */ = {
			isa = PBXFrameworksBuildPhase;
			buildActionMask = 2147483647;
			files = (
			);
			runOnlyForDeploymentPostprocessing = 0;
		};
		3AE83830212C0B1F008C6B08 /* Frameworks */ = {
			isa = PBXFrameworksBuildPhase;
			buildActionMask = 2147483647;
			files = (
			);
			runOnlyForDeploymentPostprocessing = 0;
		};
/* End PBXFrameworksBuildPhase section */

/* Begin PBXGroup section */
		15FD95005303088274749346 /* Pods */ = {
			isa = PBXGroup;
			children = (
				A1C70E3117CA3F703F4A129E /* Pods-Drives.debug.xcconfig */,
				2E4F93256E19689ECDE7CF38 /* Pods-Drives.release.xcconfig */,
			);
			name = Pods;
			sourceTree = "<group>";
		};
		3AE8380B212C0B1F008C6B08 = {
			isa = PBXGroup;
			children = (
				3AE83816212C0B1F008C6B08 /* Drives */,
				3AE8382B212C0B1F008C6B08 /* DrivesTests */,
				3AE83836212C0B1F008C6B08 /* DrivesUITests */,
				3AE83815212C0B1F008C6B08 /* Products */,
				15FD95005303088274749346 /* Pods */,
				C689CF27B7245497377FF4FE /* Frameworks */,
			);
			sourceTree = "<group>";
		};
		3AE83815212C0B1F008C6B08 /* Products */ = {
			isa = PBXGroup;
			children = (
				3AE83814212C0B1F008C6B08 /* Drives.app */,
				3AE83828212C0B1F008C6B08 /* DrivesTests.xctest */,
				3AE83833212C0B1F008C6B08 /* DrivesUITests.xctest */,
			);
			name = Products;
			sourceTree = "<group>";
		};
		3AE83816212C0B1F008C6B08 /* Drives */ = {
			isa = PBXGroup;
			children = (
				3AE83817212C0B1F008C6B08 /* AppDelegate.swift */,
				3AE8384B212C45BB008C6B08 /* AcceptRequestViewController.swift */,
				3AE83849212C3219008C6B08 /* DriverViewController.swift */,
				3AE83819212C0B1F008C6B08 /* LoginViewController.swift */,
				3AE83847212C2117008C6B08 /* PassengerViewController.swift */,
				3AE8381B212C0B1F008C6B08 /* Main.storyboard */,
				3AE8381E212C0B1F008C6B08 /* Assets.xcassets */,
				3AE83820212C0B1F008C6B08 /* LaunchScreen.storyboard */,
				3AE83823212C0B1F008C6B08 /* Info.plist */,
				3AE83845212C0C78008C6B08 /* GoogleService-Info.plist */,
			);
			path = Drives;
			sourceTree = "<group>";
		};
		3AE8382B212C0B1F008C6B08 /* DrivesTests */ = {
			isa = PBXGroup;
			children = (
				3AE8382C212C0B1F008C6B08 /* DrivesTests.swift */,
				3AE8382E212C0B1F008C6B08 /* Info.plist */,
			);
			path = DrivesTests;
			sourceTree = "<group>";
		};
		3AE83836212C0B1F008C6B08 /* DrivesUITests */ = {
			isa = PBXGroup;
			children = (
				3AE83837212C0B1F008C6B08 /* DrivesUITests.swift */,
				3AE83839212C0B1F008C6B08 /* Info.plist */,
			);
			path = DrivesUITests;
			sourceTree = "<group>";
		};
		C689CF27B7245497377FF4FE /* Frameworks */ = {
			isa = PBXGroup;
			children = (
				C7E924234837967801467283 /* Pods_Drives.framework */,
			);
			name = Frameworks;
			sourceTree = "<group>";
		};
/* End PBXGroup section */

/* Begin PBXNativeTarget section */
		3AE83813212C0B1F008C6B08 /* Drives */ = {
			isa = PBXNativeTarget;
			buildConfigurationList = 3AE8383C212C0B1F008C6B08 /* Build configuration list for PBXNativeTarget "Drives" */;
			buildPhases = (
				B21FA705D25C180BF1FCC04F /* [CP] Check Pods Manifest.lock */,
				3AE83810212C0B1F008C6B08 /* Sources */,
				3AE83811212C0B1F008C6B08 /* Frameworks */,
				3AE83812212C0B1F008C6B08 /* Resources */,
				4A869066F244CB4A637708B4 /* [CP] Embed Pods Frameworks */,
			);
			buildRules = (
			);
			dependencies = (
			);
			name = Drives;
			productName = Drives;
			productReference = 3AE83814212C0B1F008C6B08 /* Drives.app */;
			productType = "com.apple.product-type.application";
		};
		3AE83827212C0B1F008C6B08 /* DrivesTests */ = {
			isa = PBXNativeTarget;
			buildConfigurationList = 3AE8383F212C0B1F008C6B08 /* Build configuration list for PBXNativeTarget "DrivesTests" */;
			buildPhases = (
				3AE83824212C0B1F008C6B08 /* Sources */,
				3AE83825212C0B1F008C6B08 /* Frameworks */,
				3AE83826212C0B1F008C6B08 /* Resources */,
			);
			buildRules = (
			);
			dependencies = (
				3AE8382A212C0B1F008C6B08 /* PBXTargetDependency */,
			);
			name = DrivesTests;
			productName = DrivesTests;
			productReference = 3AE83828212C0B1F008C6B08 /* DrivesTests.xctest */;
			productType = "com.apple.product-type.bundle.unit-test";
		};
		3AE83832212C0B1F008C6B08 /* DrivesUITests */ = {
			isa = PBXNativeTarget;
			buildConfigurationList = 3AE83842212C0B1F008C6B08 /* Build configuration list for PBXNativeTarget "DrivesUITests" */;
			buildPhases = (
				3AE8382F212C0B1F008C6B08 /* Sources */,
				3AE83830212C0B1F008C6B08 /* Frameworks */,
				3AE83831212C0B1F008C6B08 /* Resources */,
			);
			buildRules = (
			);
			dependencies = (
				3AE83835212C0B1F008C6B08 /* PBXTargetDependency */,
			);
			name = DrivesUITests;
			productName = DrivesUITests;
			productReference = 3AE83833212C0B1F008C6B08 /* DrivesUITests.xctest */;
			productType = "com.apple.product-type.bundle.ui-testing";
		};
/* End PBXNativeTarget section */

/* Begin PBXProject section */
		3AE8380C212C0B1F008C6B08 /* Project object */ = {
			isa = PBXProject;
			attributes = {
				LastSwiftUpdateCheck = 0940;
				LastUpgradeCheck = 0940;
				ORGANIZATIONNAME = "Manuel Mühlschuster";
				TargetAttributes = {
					3AE83813212C0B1F008C6B08 = {
						CreatedOnToolsVersion = 9.4.1;
					};
					3AE83827212C0B1F008C6B08 = {
						CreatedOnToolsVersion = 9.4.1;
						TestTargetID = 3AE83813212C0B1F008C6B08;
					};
					3AE83832212C0B1F008C6B08 = {
						CreatedOnToolsVersion = 9.4.1;
						TestTargetID = 3AE83813212C0B1F008C6B08;
					};
				};
			};
			buildConfigurationList = 3AE8380F212C0B1F008C6B08 /* Build configuration list for PBXProject "Drives" */;
			compatibilityVersion = "Xcode 9.3";
			developmentRegion = en;
			hasScannedForEncodings = 0;
			knownRegions = (
				en,
				Base,
			);
			mainGroup = 3AE8380B212C0B1F008C6B08;
			productRefGroup = 3AE83815212C0B1F008C6B08 /* Products */;
			projectDirPath = "";
			projectRoot = "";
			targets = (
				3AE83813212C0B1F008C6B08 /* Drives */,
				3AE83827212C0B1F008C6B08 /* DrivesTests */,
				3AE83832212C0B1F008C6B08 /* DrivesUITests */,
			);
		};
/* End PBXProject section */

/* Begin PBXResourcesBuildPhase section */
		3AE83812212C0B1F008C6B08 /* Resources */ = {
			isa = PBXResourcesBuildPhase;
			buildActionMask = 2147483647;
			files = (
				3AE83822212C0B1F008C6B08 /* LaunchScreen.storyboard in Resources */,
				3AE83846212C0C78008C6B08 /* GoogleService-Info.plist in Resources */,
				3AE8381F212C0B1F008C6B08 /* Assets.xcassets in Resources */,
				3AE8381D212C0B1F008C6B08 /* Main.storyboard in Resources */,
			);
			runOnlyForDeploymentPostprocessing = 0;
		};
		3AE83826212C0B1F008C6B08 /* Resources */ = {
			isa = PBXResourcesBuildPhase;
			buildActionMask = 2147483647;
			files = (
			);
			runOnlyForDeploymentPostprocessing = 0;
		};
		3AE83831212C0B1F008C6B08 /* Resources */ = {
			isa = PBXResourcesBuildPhase;
			buildActionMask = 2147483647;
			files = (
			);
			runOnlyForDeploymentPostprocessing = 0;
		};
/* End PBXResourcesBuildPhase section */

/* Begin PBXShellScriptBuildPhase section */
		4A869066F244CB4A637708B4 /* [CP] Embed Pods Frameworks */ = {
			isa = PBXShellScriptBuildPhase;
			buildActionMask = 2147483647;
			files = (
			);
			inputPaths = (
				"${SRCROOT}/Pods/Target Support Files/Pods-Drives/Pods-Drives-frameworks.sh",
				"${BUILT_PRODUCTS_DIR}/GTMSessionFetcher/GTMSessionFetcher.framework",
				"${BUILT_PRODUCTS_DIR}/GoogleToolboxForMac/GoogleToolboxForMac.framework",
				"${BUILT_PRODUCTS_DIR}/leveldb-library/leveldb.framework",
				"${BUILT_PRODUCTS_DIR}/nanopb/nanopb.framework",
			);
			name = "[CP] Embed Pods Frameworks";
			outputPaths = (
				"${TARGET_BUILD_DIR}/${FRAMEWORKS_FOLDER_PATH}/GTMSessionFetcher.framework",
				"${TARGET_BUILD_DIR}/${FRAMEWORKS_FOLDER_PATH}/GoogleToolboxForMac.framework",
				"${TARGET_BUILD_DIR}/${FRAMEWORKS_FOLDER_PATH}/leveldb.framework",
				"${TARGET_BUILD_DIR}/${FRAMEWORKS_FOLDER_PATH}/nanopb.framework",
			);
			runOnlyForDeploymentPostprocessing = 0;
			shellPath = /bin/sh;
			shellScript = "\"${SRCROOT}/Pods/Target Support Files/Pods-Drives/Pods-Drives-frameworks.sh\"\n";
			showEnvVarsInLog = 0;
		};
		B21FA705D25C180BF1FCC04F /* [CP] Check Pods Manifest.lock */ = {
			isa = PBXShellScriptBuildPhase;
			buildActionMask = 2147483647;
			files = (
			);
			inputPaths = (
				"${PODS_PODFILE_DIR_PATH}/Podfile.lock",
				"${PODS_ROOT}/Manifest.lock",
			);
			name = "[CP] Check Pods Manifest.lock";
			outputPaths = (
				"$(DERIVED_FILE_DIR)/Pods-Drives-checkManifestLockResult.txt",
			);
			runOnlyForDeploymentPostprocessing = 0;
			shellPath = /bin/sh;
			shellScript = "diff \"${PODS_PODFILE_DIR_PATH}/Podfile.lock\" \"${PODS_ROOT}/Manifest.lock\" > /dev/null\nif [ $? != 0 ] ; then\n    # print error to STDERR\n    echo \"error: The sandbox is not in sync with the Podfile.lock. Run 'pod install' or update your CocoaPods installation.\" >&2\n    exit 1\nfi\n# This output is used by Xcode 'outputs' to avoid re-running this script phase.\necho \"SUCCESS\" > \"${SCRIPT_OUTPUT_FILE_0}\"\n";
			showEnvVarsInLog = 0;
		};
/* End PBXShellScriptBuildPhase section */

/* Begin PBXSourcesBuildPhase section */
		3AE83810212C0B1F008C6B08 /* Sources */ = {
			isa = PBXSourcesBuildPhase;
			buildActionMask = 2147483647;
			files = (
				3AE8384A212C3219008C6B08 /* DriverViewController.swift in Sources */,
				3AE83848212C2117008C6B08 /* PassengerViewController.swift in Sources */,
				3AE8381A212C0B1F008C6B08 /* LoginViewController.swift in Sources */,
				3AE83818212C0B1F008C6B08 /* AppDelegate.swift in Sources */,
				3AE8384C212C45BB008C6B08 /* AcceptRequestViewController.swift in Sources */,
			);
			runOnlyForDeploymentPostprocessing = 0;
		};
		3AE83824212C0B1F008C6B08 /* Sources */ = {
			isa = PBXSourcesBuildPhase;
			buildActionMask = 2147483647;
			files = (
				3AE8382D212C0B1F008C6B08 /* DrivesTests.swift in Sources */,
			);
			runOnlyForDeploymentPostprocessing = 0;
		};
		3AE8382F212C0B1F008C6B08 /* Sources */ = {
			isa = PBXSourcesBuildPhase;
			buildActionMask = 2147483647;
			files = (
				3AE83838212C0B1F008C6B08 /* DrivesUITests.swift in Sources */,
			);
			runOnlyForDeploymentPostprocessing = 0;
		};
/* End PBXSourcesBuildPhase section */

/* Begin PBXTargetDependency section */
		3AE8382A212C0B1F008C6B08 /* PBXTargetDependency */ = {
			isa = PBXTargetDependency;
			target = 3AE83813212C0B1F008C6B08 /* Drives */;
			targetProxy = 3AE83829212C0B1F008C6B08 /* PBXContainerItemProxy */;
		};
		3AE83835212C0B1F008C6B08 /* PBXTargetDependency */ = {
			isa = PBXTargetDependency;
			target = 3AE83813212C0B1F008C6B08 /* Drives */;
			targetProxy = 3AE83834212C0B1F008C6B08 /* PBXContainerItemProxy */;
		};
/* End PBXTargetDependency section */

/* Begin PBXVariantGroup section */
		3AE8381B212C0B1F008C6B08 /* Main.storyboard */ = {
			isa = PBXVariantGroup;
			children = (
				3AE8381C212C0B1F008C6B08 /* Base */,
			);
			name = Main.storyboard;
			sourceTree = "<group>";
		};
		3AE83820212C0B1F008C6B08 /* LaunchScreen.storyboard */ = {
			isa = PBXVariantGroup;
			children = (
				3AE83821212C0B1F008C6B08 /* Base */,
			);
			name = LaunchScreen.storyboard;
			sourceTree = "<group>";
		};
/* End PBXVariantGroup section */

/* Begin XCBuildConfiguration section */
		3AE8383A212C0B1F008C6B08 /* Debug */ = {
			isa = XCBuildConfiguration;
			buildSettings = {
				ALWAYS_SEARCH_USER_PATHS = NO;
				CLANG_ANALYZER_NONNULL = YES;
				CLANG_ANALYZER_NUMBER_OBJECT_CONVERSION = YES_AGGRESSIVE;
				CLANG_CXX_LANGUAGE_STANDARD = "gnu++14";
				CLANG_CXX_LIBRARY = "libc++";
				CLANG_ENABLE_MODULES = YES;
				CLANG_ENABLE_OBJC_ARC = YES;
				CLANG_ENABLE_OBJC_WEAK = YES;
				CLANG_WARN_BLOCK_CAPTURE_AUTORELEASING = YES;
				CLANG_WARN_BOOL_CONVERSION = YES;
				CLANG_WARN_COMMA = YES;
				CLANG_WARN_CONSTANT_CONVERSION = YES;
				CLANG_WARN_DEPRECATED_OBJC_IMPLEMENTATIONS = YES;
				CLANG_WARN_DIRECT_OBJC_ISA_USAGE = YES_ERROR;
				CLANG_WARN_DOCUMENTATION_COMMENTS = YES;
				CLANG_WARN_EMPTY_BODY = YES;
				CLANG_WARN_ENUM_CONVERSION = YES;
				CLANG_WARN_INFINITE_RECURSION = YES;
				CLANG_WARN_INT_CONVERSION = YES;
				CLANG_WARN_NON_LITERAL_NULL_CONVERSION = YES;
				CLANG_WARN_OBJC_IMPLICIT_RETAIN_SELF = YES;
				CLANG_WARN_OBJC_LITERAL_CONVERSION = YES;
				CLANG_WARN_OBJC_ROOT_CLASS = YES_ERROR;
				CLANG_WARN_RANGE_LOOP_ANALYSIS = YES;
				CLANG_WARN_STRICT_PROTOTYPES = YES;
				CLANG_WARN_SUSPICIOUS_MOVE = YES;
				CLANG_WARN_UNGUARDED_AVAILABILITY = YES_AGGRESSIVE;
				CLANG_WARN_UNREACHABLE_CODE = YES;
				CLANG_WARN__DUPLICATE_METHOD_MATCH = YES;
				CODE_SIGN_IDENTITY = "iPhone Developer";
				COPY_PHASE_STRIP = NO;
				DEBUG_INFORMATION_FORMAT = dwarf;
				ENABLE_STRICT_OBJC_MSGSEND = YES;
				ENABLE_TESTABILITY = YES;
				GCC_C_LANGUAGE_STANDARD = gnu11;
				GCC_DYNAMIC_NO_PIC = NO;
				GCC_NO_COMMON_BLOCKS = YES;
				GCC_OPTIMIZATION_LEVEL = 0;
				GCC_PREPROCESSOR_DEFINITIONS = (
					"DEBUG=1",
					"$(inherited)",
				);
				GCC_WARN_64_TO_32_BIT_CONVERSION = YES;
				GCC_WARN_ABOUT_RETURN_TYPE = YES_ERROR;
				GCC_WARN_UNDECLARED_SELECTOR = YES;
				GCC_WARN_UNINITIALIZED_AUTOS = YES_AGGRESSIVE;
				GCC_WARN_UNUSED_FUNCTION = YES;
				GCC_WARN_UNUSED_VARIABLE = YES;
				IPHONEOS_DEPLOYMENT_TARGET = 11.4;
				MTL_ENABLE_DEBUG_INFO = YES;
				ONLY_ACTIVE_ARCH = YES;
				SDKROOT = iphoneos;
				SWIFT_ACTIVE_COMPILATION_CONDITIONS = DEBUG;
				SWIFT_OPTIMIZATION_LEVEL = "-Onone";
			};
			name = Debug;
		};
		3AE8383B212C0B1F008C6B08 /* Release */ = {
			isa = XCBuildConfiguration;
			buildSettings = {
				ALWAYS_SEARCH_USER_PATHS = NO;
				CLANG_ANALYZER_NONNULL = YES;
				CLANG_ANALYZER_NUMBER_OBJECT_CONVERSION = YES_AGGRESSIVE;
				CLANG_CXX_LANGUAGE_STANDARD = "gnu++14";
				CLANG_CXX_LIBRARY = "libc++";
				CLANG_ENABLE_MODULES = YES;
				CLANG_ENABLE_OBJC_ARC = YES;
				CLANG_ENABLE_OBJC_WEAK = YES;
				CLANG_WARN_BLOCK_CAPTURE_AUTORELEASING = YES;
				CLANG_WARN_BOOL_CONVERSION = YES;
				CLANG_WARN_COMMA = YES;
				CLANG_WARN_CONSTANT_CONVERSION = YES;
				CLANG_WARN_DEPRECATED_OBJC_IMPLEMENTATIONS = YES;
				CLANG_WARN_DIRECT_OBJC_ISA_USAGE = YES_ERROR;
				CLANG_WARN_DOCUMENTATION_COMMENTS = YES;
				CLANG_WARN_EMPTY_BODY = YES;
				CLANG_WARN_ENUM_CONVERSION = YES;
				CLANG_WARN_INFINITE_RECURSION = YES;
				CLANG_WARN_INT_CONVERSION = YES;
				CLANG_WARN_NON_LITERAL_NULL_CONVERSION = YES;
				CLANG_WARN_OBJC_IMPLICIT_RETAIN_SELF = YES;
				CLANG_WARN_OBJC_LITERAL_CONVERSION = YES;
				CLANG_WARN_OBJC_ROOT_CLASS = YES_ERROR;
				CLANG_WARN_RANGE_LOOP_ANALYSIS = YES;
				CLANG_WARN_STRICT_PROTOTYPES = YES;
				CLANG_WARN_SUSPICIOUS_MOVE = YES;
				CLANG_WARN_UNGUARDED_AVAILABILITY = YES_AGGRESSIVE;
				CLANG_WARN_UNREACHABLE_CODE = YES;
				CLANG_WARN__DUPLICATE_METHOD_MATCH = YES;
				CODE_SIGN_IDENTITY = "iPhone Developer";
				COPY_PHASE_STRIP = NO;
				DEBUG_INFORMATION_FORMAT = "dwarf-with-dsym";
				ENABLE_NS_ASSERTIONS = NO;
				ENABLE_STRICT_OBJC_MSGSEND = YES;
				GCC_C_LANGUAGE_STANDARD = gnu11;
				GCC_NO_COMMON_BLOCKS = YES;
				GCC_WARN_64_TO_32_BIT_CONVERSION = YES;
				GCC_WARN_ABOUT_RETURN_TYPE = YES_ERROR;
				GCC_WARN_UNDECLARED_SELECTOR = YES;
				GCC_WARN_UNINITIALIZED_AUTOS = YES_AGGRESSIVE;
				GCC_WARN_UNUSED_FUNCTION = YES;
				GCC_WARN_UNUSED_VARIABLE = YES;
				IPHONEOS_DEPLOYMENT_TARGET = 11.4;
				MTL_ENABLE_DEBUG_INFO = NO;
				SDKROOT = iphoneos;
				SWIFT_COMPILATION_MODE = wholemodule;
				SWIFT_OPTIMIZATION_LEVEL = "-O";
				VALIDATE_PRODUCT = YES;
			};
			name = Release;
		};
		3AE8383D212C0B1F008C6B08 /* Debug */ = {
			isa = XCBuildConfiguration;
			baseConfigurationReference = A1C70E3117CA3F703F4A129E /* Pods-Drives.debug.xcconfig */;
			buildSettings = {
				ASSETCATALOG_COMPILER_APPICON_NAME = AppIcon;
				CODE_SIGN_STYLE = Automatic;
				DEVELOPMENT_TEAM = GACBZPZE24;
				INFOPLIST_FILE = Drives/Info.plist;
				LD_RUNPATH_SEARCH_PATHS = (
					"$(inherited)",
					"@executable_path/Frameworks",
				);
				PRODUCT_BUNDLE_IDENTIFIER = at.fhooe.mmuehlschuster.Drives;
				PRODUCT_NAME = "$(TARGET_NAME)";
				SWIFT_VERSION = 4.0;
				TARGETED_DEVICE_FAMILY = "1,2";
			};
			name = Debug;
		};
		3AE8383E212C0B1F008C6B08 /* Release */ = {
			isa = XCBuildConfiguration;
			baseConfigurationReference = 2E4F93256E19689ECDE7CF38 /* Pods-Drives.release.xcconfig */;
			buildSettings = {
				ASSETCATALOG_COMPILER_APPICON_NAME = AppIcon;
				CODE_SIGN_STYLE = Automatic;
				DEVELOPMENT_TEAM = GACBZPZE24;
				INFOPLIST_FILE = Drives/Info.plist;
				LD_RUNPATH_SEARCH_PATHS = (
					"$(inherited)",
					"@executable_path/Frameworks",
				);
				PRODUCT_BUNDLE_IDENTIFIER = at.fhooe.mmuehlschuster.Drives;
				PRODUCT_NAME = "$(TARGET_NAME)";
				SWIFT_VERSION = 4.0;
				TARGETED_DEVICE_FAMILY = "1,2";
			};
			name = Release;
		};
		3AE83840212C0B1F008C6B08 /* Debug */ = {
			isa = XCBuildConfiguration;
			buildSettings = {
				ALWAYS_EMBED_SWIFT_STANDARD_LIBRARIES = YES;
				BUNDLE_LOADER = "$(TEST_HOST)";
				CODE_SIGN_STYLE = Automatic;
				DEVELOPMENT_TEAM = GACBZPZE24;
				INFOPLIST_FILE = DrivesTests/Info.plist;
				LD_RUNPATH_SEARCH_PATHS = (
					"$(inherited)",
					"@executable_path/Frameworks",
					"@loader_path/Frameworks",
				);
				PRODUCT_BUNDLE_IDENTIFIER = at.fhooe.mmuehlschuster.DrivesTests;
				PRODUCT_NAME = "$(TARGET_NAME)";
				SWIFT_VERSION = 4.0;
				TARGETED_DEVICE_FAMILY = "1,2";
				TEST_HOST = "$(BUILT_PRODUCTS_DIR)/Drives.app/Drives";
			};
			name = Debug;
		};
		3AE83841212C0B1F008C6B08 /* Release */ = {
			isa = XCBuildConfiguration;
			buildSettings = {
				ALWAYS_EMBED_SWIFT_STANDARD_LIBRARIES = YES;
				BUNDLE_LOADER = "$(TEST_HOST)";
				CODE_SIGN_STYLE = Automatic;
				DEVELOPMENT_TEAM = GACBZPZE24;
				INFOPLIST_FILE = DrivesTests/Info.plist;
				LD_RUNPATH_SEARCH_PATHS = (
					"$(inherited)",
					"@executable_path/Frameworks",
					"@loader_path/Frameworks",
				);
				PRODUCT_BUNDLE_IDENTIFIER = at.fhooe.mmuehlschuster.DrivesTests;
				PRODUCT_NAME = "$(TARGET_NAME)";
				SWIFT_VERSION = 4.0;
				TARGETED_DEVICE_FAMILY = "1,2";
				TEST_HOST = "$(BUILT_PRODUCTS_DIR)/Drives.app/Drives";
			};
			name = Release;
		};
		3AE83843212C0B1F008C6B08 /* Debug */ = {
			isa = XCBuildConfiguration;
			buildSettings = {
				ALWAYS_EMBED_SWIFT_STANDARD_LIBRARIES = YES;
				CODE_SIGN_STYLE = Automatic;
				DEVELOPMENT_TEAM = GACBZPZE24;
				INFOPLIST_FILE = DrivesUITests/Info.plist;
				LD_RUNPATH_SEARCH_PATHS = (
					"$(inherited)",
					"@executable_path/Frameworks",
					"@loader_path/Frameworks",
				);
				PRODUCT_BUNDLE_IDENTIFIER = at.fhooe.mmuehlschuster.DrivesUITests;
				PRODUCT_NAME = "$(TARGET_NAME)";
				SWIFT_VERSION = 4.0;
				TARGETED_DEVICE_FAMILY = "1,2";
				TEST_TARGET_NAME = Drives;
			};
			name = Debug;
		};
		3AE83844212C0B1F008C6B08 /* Release */ = {
			isa = XCBuildConfiguration;
			buildSettings = {
				ALWAYS_EMBED_SWIFT_STANDARD_LIBRARIES = YES;
				CODE_SIGN_STYLE = Automatic;
				DEVELOPMENT_TEAM = GACBZPZE24;
				INFOPLIST_FILE = DrivesUITests/Info.plist;
				LD_RUNPATH_SEARCH_PATHS = (
					"$(inherited)",
					"@executable_path/Frameworks",
					"@loader_path/Frameworks",
				);
				PRODUCT_BUNDLE_IDENTIFIER = at.fhooe.mmuehlschuster.DrivesUITests;
				PRODUCT_NAME = "$(TARGET_NAME)";
				SWIFT_VERSION = 4.0;
				TARGETED_DEVICE_FAMILY = "1,2";
				TEST_TARGET_NAME = Drives;
			};
			name = Release;
		};
/* End XCBuildConfiguration section */

/* Begin XCConfigurationList section */
		3AE8380F212C0B1F008C6B08 /* Build configuration list for PBXProject "Drives" */ = {
			isa = XCConfigurationList;
			buildConfigurations = (
				3AE8383A212C0B1F008C6B08 /* Debug */,
				3AE8383B212C0B1F008C6B08 /* Release */,
			);
			defaultConfigurationIsVisible = 0;
			defaultConfigurationName = Release;
		};
		3AE8383C212C0B1F008C6B08 /* Build configuration list for PBXNativeTarget "Drives" */ = {
			isa = XCConfigurationList;
			buildConfigurations = (
				3AE8383D212C0B1F008C6B08 /* Debug */,
				3AE8383E212C0B1F008C6B08 /* Release */,
			);
			defaultConfigurationIsVisible = 0;
			defaultConfigurationName = Release;
		};
		3AE8383F212C0B1F008C6B08 /* Build configuration list for PBXNativeTarget "DrivesTests" */ = {
			isa = XCConfigurationList;
			buildConfigurations = (
				3AE83840212C0B1F008C6B08 /* Debug */,
				3AE83841212C0B1F008C6B08 /* Release */,
			);
			defaultConfigurationIsVisible = 0;
			defaultConfigurationName = Release;
		};
		3AE83842212C0B1F008C6B08 /* Build configuration list for PBXNativeTarget "DrivesUITests" */ = {
			isa = XCConfigurationList;
			buildConfigurations = (
				3AE83843212C0B1F008C6B08 /* Debug */,
				3AE83844212C0B1F008C6B08 /* Release */,
			);
			defaultConfigurationIsVisible = 0;
			defaultConfigurationName = Release;
		};
/* End XCConfigurationList section */
	};
	rootObject = 3AE8380C212C0B1F008C6B08 /* Project object */;
}
